// !$*UTF8*$!
{
	archiveVersion = 1;
	classes = {
	};
	objectVersion = 52;
	objects = {

/* Begin PBXBuildFile section */
		D1D0F9C325E6DB970006C9BD /* AppDelegate.swift in Sources */ = {isa = PBXBuildFile; fileRef = D1D0F9C225E6DB970006C9BD /* AppDelegate.swift */; };
		D1D0F9C525E6DB970006C9BD /* SceneDelegate.swift in Sources */ = {isa = PBXBuildFile; fileRef = D1D0F9C425E6DB970006C9BD /* SceneDelegate.swift */; };
		D1D0F9C725E6DB970006C9BD /* ContentView.swift in Sources */ = {isa = PBXBuildFile; fileRef = D1D0F9C625E6DB970006C9BD /* ContentView.swift */; };
		D1D0F9C925E6DB9A0006C9BD /* Assets.xcassets in Resources */ = {isa = PBXBuildFile; fileRef = D1D0F9C825E6DB9A0006C9BD /* Assets.xcassets */; };
		D1D0F9CC25E6DB9A0006C9BD /* Preview Assets.xcassets in Resources */ = {isa = PBXBuildFile; fileRef = D1D0F9CB25E6DB9A0006C9BD /* Preview Assets.xcassets */; };
		D1D0F9CF25E6DB9B0006C9BD /* LaunchScreen.storyboard in Resources */ = {isa = PBXBuildFile; fileRef = D1D0F9CD25E6DB9B0006C9BD /* LaunchScreen.storyboard */; };
		D1D0F9D825E6E0C50006C9BD /* Person.swift in Sources */ = {isa = PBXBuildFile; fileRef = D1D0F9D725E6E0C50006C9BD /* Person.swift */; };
		D1D0F9DB25E6E2D70006C9BD /* Screen2.swift in Sources */ = {isa = PBXBuildFile; fileRef = D1D0F9DA25E6E2D70006C9BD /* Screen2.swift */; };
		D1D0F9DE25E6E2E80006C9BD /* Screen3.swift in Sources */ = {isa = PBXBuildFile; fileRef = D1D0F9DD25E6E2E80006C9BD /* Screen3.swift */; };
		D1D0F9E125E6E2FF0006C9BD /* Screen4.swift in Sources */ = {isa = PBXBuildFile; fileRef = D1D0F9E025E6E2FF0006C9BD /* Screen4.swift */; };
		D1D0F9E425E6E3090006C9BD /* Screen5.swift in Sources */ = {isa = PBXBuildFile; fileRef = D1D0F9E325E6E3090006C9BD /* Screen5.swift */; };
		D1D0F9E725E6E5550006C9BD /* PhotoPickerController.swift in Sources */ = {isa = PBXBuildFile; fileRef = D1D0F9E625E6E5550006C9BD /* PhotoPickerController.swift */; };
		D1D0F9EA25E6E5B30006C9BD /* PersonViewModel.swift in Sources */ = {isa = PBXBuildFile; fileRef = D1D0F9E925E6E5B30006C9BD /* PersonViewModel.swift */; };
		D1D0F9ED25E6E70A0006C9BD /* LoadingView.swift in Sources */ = {isa = PBXBuildFile; fileRef = D1D0F9EC25E6E70A0006C9BD /* LoadingView.swift */; };
		D1D0F9F025E6E7240006C9BD /* LoadingIndicator.swift in Sources */ = {isa = PBXBuildFile; fileRef = D1D0F9EF25E6E7240006C9BD /* LoadingIndicator.swift */; };
		D1D0F9F425E6E8A50006C9BD /* Kingfisher in Frameworks */ = {isa = PBXBuildFile; productRef = D1D0F9F325E6E8A50006C9BD /* Kingfisher */; };
		D1D0F9F825E6E8E80006C9BD /* Alamofire in Frameworks */ = {isa = PBXBuildFile; productRef = D1D0F9F725E6E8E80006C9BD /* Alamofire */; };
		D1D0F9FB25E6FCD10006C9BD /* LocationManager.swift in Sources */ = {isa = PBXBuildFile; fileRef = D1D0F9FA25E6FCD10006C9BD /* LocationManager.swift */; };
		D1D0F9FE25E7015D0006C9BD /* NetworkUtils.swift in Sources */ = {isa = PBXBuildFile; fileRef = D1D0F9FD25E7015D0006C9BD /* NetworkUtils.swift */; };
/* End PBXBuildFile section */

/* Begin PBXFileReference section */
		D1D0F9BF25E6DB970006C9BD /* CaptureExperiments.app */ = {isa = PBXFileReference; explicitFileType = wrapper.application; includeInIndex = 0; path = CaptureExperiments.app; sourceTree = BUILT_PRODUCTS_DIR; };
		D1D0F9C225E6DB970006C9BD /* AppDelegate.swift */ = {isa = PBXFileReference; lastKnownFileType = sourcecode.swift; path = AppDelegate.swift; sourceTree = "<group>"; };
		D1D0F9C425E6DB970006C9BD /* SceneDelegate.swift */ = {isa = PBXFileReference; lastKnownFileType = sourcecode.swift; path = SceneDelegate.swift; sourceTree = "<group>"; };
		D1D0F9C625E6DB970006C9BD /* ContentView.swift */ = {isa = PBXFileReference; lastKnownFileType = sourcecode.swift; path = ContentView.swift; sourceTree = "<group>"; };
		D1D0F9C825E6DB9A0006C9BD /* Assets.xcassets */ = {isa = PBXFileReference; lastKnownFileType = folder.assetcatalog; path = Assets.xcassets; sourceTree = "<group>"; };
		D1D0F9CB25E6DB9A0006C9BD /* Preview Assets.xcassets */ = {isa = PBXFileReference; lastKnownFileType = folder.assetcatalog; path = "Preview Assets.xcassets"; sourceTree = "<group>"; };
		D1D0F9CE25E6DB9B0006C9BD /* Base */ = {isa = PBXFileReference; lastKnownFileType = file.storyboard; name = Base; path = Base.lproj/LaunchScreen.storyboard; sourceTree = "<group>"; };
		D1D0F9D025E6DB9B0006C9BD /* Info.plist */ = {isa = PBXFileReference; lastKnownFileType = text.plist.xml; path = Info.plist; sourceTree = "<group>"; };
		D1D0F9D725E6E0C50006C9BD /* Person.swift */ = {isa = PBXFileReference; lastKnownFileType = sourcecode.swift; path = Person.swift; sourceTree = "<group>"; };
		D1D0F9DA25E6E2D70006C9BD /* Screen2.swift */ = {isa = PBXFileReference; lastKnownFileType = sourcecode.swift; path = Screen2.swift; sourceTree = "<group>"; };
		D1D0F9DD25E6E2E80006C9BD /* Screen3.swift */ = {isa = PBXFileReference; lastKnownFileType = sourcecode.swift; path = Screen3.swift; sourceTree = "<group>"; };
		D1D0F9E025E6E2FF0006C9BD /* Screen4.swift */ = {isa = PBXFileReference; lastKnownFileType = sourcecode.swift; path = Screen4.swift; sourceTree = "<group>"; };
		D1D0F9E325E6E3090006C9BD /* Screen5.swift */ = {isa = PBXFileReference; lastKnownFileType = sourcecode.swift; path = Screen5.swift; sourceTree = "<group>"; };
		D1D0F9E625E6E5550006C9BD /* PhotoPickerController.swift */ = {isa = PBXFileReference; lastKnownFileType = sourcecode.swift; path = PhotoPickerController.swift; sourceTree = "<group>"; };
		D1D0F9E925E6E5B30006C9BD /* PersonViewModel.swift */ = {isa = PBXFileReference; lastKnownFileType = sourcecode.swift; path = PersonViewModel.swift; sourceTree = "<group>"; };
		D1D0F9EC25E6E70A0006C9BD /* LoadingView.swift */ = {isa = PBXFileReference; lastKnownFileType = sourcecode.swift; path = LoadingView.swift; sourceTree = "<group>"; };
		D1D0F9EF25E6E7240006C9BD /* LoadingIndicator.swift */ = {isa = PBXFileReference; lastKnownFileType = sourcecode.swift; path = LoadingIndicator.swift; sourceTree = "<group>"; };
		D1D0F9FA25E6FCD10006C9BD /* LocationManager.swift */ = {isa = PBXFileReference; lastKnownFileType = sourcecode.swift; path = LocationManager.swift; sourceTree = "<group>"; };
		D1D0F9FD25E7015D0006C9BD /* NetworkUtils.swift */ = {isa = PBXFileReference; lastKnownFileType = sourcecode.swift; path = NetworkUtils.swift; sourceTree = "<group>"; };
/* End PBXFileReference section */

/* Begin PBXFrameworksBuildPhase section */
		D1D0F9BC25E6DB970006C9BD /* Frameworks */ = {
			isa = PBXFrameworksBuildPhase;
			buildActionMask = 2147483647;
			files = (
				D1D0F9F425E6E8A50006C9BD /* Kingfisher in Frameworks */,
				D1D0F9F825E6E8E80006C9BD /* Alamofire in Frameworks */,
			);
			runOnlyForDeploymentPostprocessing = 0;
		};
/* End PBXFrameworksBuildPhase section */

/* Begin PBXGroup section */
		D1D0F9B625E6DB960006C9BD = {
			isa = PBXGroup;
			children = (
				D1D0F9C125E6DB970006C9BD /* CaptureExperiments */,
				D1D0F9C025E6DB970006C9BD /* Products */,
			);
			sourceTree = "<group>";
		};
		D1D0F9C025E6DB970006C9BD /* Products */ = {
			isa = PBXGroup;
			children = (
				D1D0F9BF25E6DB970006C9BD /* CaptureExperiments.app */,
			);
			name = Products;
			sourceTree = "<group>";
		};
		D1D0F9C125E6DB970006C9BD /* CaptureExperiments */ = {
			isa = PBXGroup;
			children = (
				D1D0F9C225E6DB970006C9BD /* AppDelegate.swift */,
				D1D0F9C425E6DB970006C9BD /* SceneDelegate.swift */,
				D1D0F9C625E6DB970006C9BD /* ContentView.swift */,
				D1D0F9C825E6DB9A0006C9BD /* Assets.xcassets */,
				D1D0F9CD25E6DB9B0006C9BD /* LaunchScreen.storyboard */,
				D1D0F9D025E6DB9B0006C9BD /* Info.plist */,
				D1D0F9CA25E6DB9A0006C9BD /* Preview Content */,
				D1D0F9D725E6E0C50006C9BD /* Person.swift */,
				D1D0F9DA25E6E2D70006C9BD /* Screen2.swift */,
				D1D0F9DD25E6E2E80006C9BD /* Screen3.swift */,
				D1D0F9E025E6E2FF0006C9BD /* Screen4.swift */,
				D1D0F9E325E6E3090006C9BD /* Screen5.swift */,
				D1D0F9E625E6E5550006C9BD /* PhotoPickerController.swift */,
				D1D0F9E925E6E5B30006C9BD /* PersonViewModel.swift */,
				D1D0F9EC25E6E70A0006C9BD /* LoadingView.swift */,
				D1D0F9EF25E6E7240006C9BD /* LoadingIndicator.swift */,
				D1D0F9FA25E6FCD10006C9BD /* LocationManager.swift */,
				D1D0F9FD25E7015D0006C9BD /* NetworkUtils.swift */,
			);
			path = CaptureExperiments;
			sourceTree = "<group>";
		};
		D1D0F9CA25E6DB9A0006C9BD /* Preview Content */ = {
			isa = PBXGroup;
			children = (
				D1D0F9CB25E6DB9A0006C9BD /* Preview Assets.xcassets */,
			);
			path = "Preview Content";
			sourceTree = "<group>";
		};
/* End PBXGroup section */

/* Begin PBXNativeTarget section */
		D1D0F9BE25E6DB970006C9BD /* CaptureExperiments */ = {
			isa = PBXNativeTarget;
			buildConfigurationList = D1D0F9D325E6DB9B0006C9BD /* Build configuration list for PBXNativeTarget "CaptureExperiments" */;
			buildPhases = (
				D1D0F9BB25E6DB970006C9BD /* Sources */,
				D1D0F9BC25E6DB970006C9BD /* Frameworks */,
				D1D0F9BD25E6DB970006C9BD /* Resources */,
			);
			buildRules = (
			);
			dependencies = (
			);
			name = CaptureExperiments;
			packageProductDependencies = (
				D1D0F9F325E6E8A50006C9BD /* Kingfisher */,
				D1D0F9F725E6E8E80006C9BD /* Alamofire */,
			);
			productName = CaptureExperiments;
			productReference = D1D0F9BF25E6DB970006C9BD /* CaptureExperiments.app */;
			productType = "com.apple.product-type.application";
		};
/* End PBXNativeTarget section */

/* Begin PBXProject section */
		D1D0F9B725E6DB960006C9BD /* Project object */ = {
			isa = PBXProject;
			attributes = {
				LastSwiftUpdateCheck = 1240;
				LastUpgradeCheck = 1240;
				TargetAttributes = {
					D1D0F9BE25E6DB970006C9BD = {
						CreatedOnToolsVersion = 12.4;
					};
				};
			};
			buildConfigurationList = D1D0F9BA25E6DB960006C9BD /* Build configuration list for PBXProject "CaptureExperiments" */;
			compatibilityVersion = "Xcode 9.3";
			developmentRegion = en;
			hasScannedForEncodings = 0;
			knownRegions = (
				en,
				Base,
			);
			mainGroup = D1D0F9B625E6DB960006C9BD;
			packageReferences = (
				D1D0F9F225E6E8A50006C9BD /* XCRemoteSwiftPackageReference "Kingfisher" */,
				D1D0F9F625E6E8E80006C9BD /* XCRemoteSwiftPackageReference "Alamofire" */,
			);
			productRefGroup = D1D0F9C025E6DB970006C9BD /* Products */;
			projectDirPath = "";
			projectRoot = "";
			targets = (
				D1D0F9BE25E6DB970006C9BD /* CaptureExperiments */,
			);
		};
/* End PBXProject section */

/* Begin PBXResourcesBuildPhase section */
		D1D0F9BD25E6DB970006C9BD /* Resources */ = {
			isa = PBXResourcesBuildPhase;
			buildActionMask = 2147483647;
			files = (
				D1D0F9CF25E6DB9B0006C9BD /* LaunchScreen.storyboard in Resources */,
				D1D0F9CC25E6DB9A0006C9BD /* Preview Assets.xcassets in Resources */,
				D1D0F9C925E6DB9A0006C9BD /* Assets.xcassets in Resources */,
			);
			runOnlyForDeploymentPostprocessing = 0;
		};
/* End PBXResourcesBuildPhase section */

/* Begin PBXSourcesBuildPhase section */
		D1D0F9BB25E6DB970006C9BD /* Sources */ = {
			isa = PBXSourcesBuildPhase;
			buildActionMask = 2147483647;
			files = (
				D1D0F9F025E6E7240006C9BD /* LoadingIndicator.swift in Sources */,
				D1D0F9C325E6DB970006C9BD /* AppDelegate.swift in Sources */,
				D1D0F9EA25E6E5B30006C9BD /* PersonViewModel.swift in Sources */,
				D1D0F9DB25E6E2D70006C9BD /* Screen2.swift in Sources */,
				D1D0F9ED25E6E70A0006C9BD /* LoadingView.swift in Sources */,
				D1D0F9C525E6DB970006C9BD /* SceneDelegate.swift in Sources */,
				D1D0F9DE25E6E2E80006C9BD /* Screen3.swift in Sources */,
				D1D0F9E125E6E2FF0006C9BD /* Screen4.swift in Sources */,
				D1D0F9E425E6E3090006C9BD /* Screen5.swift in Sources */,
				D1D0F9E725E6E5550006C9BD /* PhotoPickerController.swift in Sources */,
				D1D0F9D825E6E0C50006C9BD /* Person.swift in Sources */,
				D1D0F9C725E6DB970006C9BD /* ContentView.swift in Sources */,
				D1D0F9FE25E7015D0006C9BD /* NetworkUtils.swift in Sources */,
				D1D0F9FB25E6FCD10006C9BD /* LocationManager.swift in Sources */,
			);
			runOnlyForDeploymentPostprocessing = 0;
		};
/* End PBXSourcesBuildPhase section */

/* Begin PBXVariantGroup section */
		D1D0F9CD25E6DB9B0006C9BD /* LaunchScreen.storyboard */ = {
			isa = PBXVariantGroup;
			children = (
				D1D0F9CE25E6DB9B0006C9BD /* Base */,
			);
			name = LaunchScreen.storyboard;
			sourceTree = "<group>";
		};
/* End PBXVariantGroup section */

/* Begin XCBuildConfiguration section */
		D1D0F9D125E6DB9B0006C9BD /* Debug */ = {
			isa = XCBuildConfiguration;
			buildSettings = {
				ALWAYS_SEARCH_USER_PATHS = NO;
				CLANG_ANALYZER_NONNULL = YES;
				CLANG_ANALYZER_NUMBER_OBJECT_CONVERSION = YES_AGGRESSIVE;
				CLANG_CXX_LANGUAGE_STANDARD = "gnu++14";
				CLANG_CXX_LIBRARY = "libc++";
				CLANG_ENABLE_MODULES = YES;
				CLANG_ENABLE_OBJC_ARC = YES;
				CLANG_ENABLE_OBJC_WEAK = YES;
				CLANG_WARN_BLOCK_CAPTURE_AUTORELEASING = YES;
				CLANG_WARN_BOOL_CONVERSION = YES;
				CLANG_WARN_COMMA = YES;
				CLANG_WARN_CONSTANT_CONVERSION = YES;
				CLANG_WARN_DEPRECATED_OBJC_IMPLEMENTATIONS = YES;
				CLANG_WARN_DIRECT_OBJC_ISA_USAGE = YES_ERROR;
				CLANG_WARN_DOCUMENTATION_COMMENTS = YES;
				CLANG_WARN_EMPTY_BODY = YES;
				CLANG_WARN_ENUM_CONVERSION = YES;
				CLANG_WARN_INFINITE_RECURSION = YES;
				CLANG_WARN_INT_CONVERSION = YES;
				CLANG_WARN_NON_LITERAL_NULL_CONVERSION = YES;
				CLANG_WARN_OBJC_IMPLICIT_RETAIN_SELF = YES;
				CLANG_WARN_OBJC_LITERAL_CONVERSION = YES;
				CLANG_WARN_OBJC_ROOT_CLASS = YES_ERROR;
				CLANG_WARN_QUOTED_INCLUDE_IN_FRAMEWORK_HEADER = YES;
				CLANG_WARN_RANGE_LOOP_ANALYSIS = YES;
				CLANG_WARN_STRICT_PROTOTYPES = YES;
				CLANG_WARN_SUSPICIOUS_MOVE = YES;
				CLANG_WARN_UNGUARDED_AVAILABILITY = YES_AGGRESSIVE;
				CLANG_WARN_UNREACHABLE_CODE = YES;
				CLANG_WARN__DUPLICATE_METHOD_MATCH = YES;
				COPY_PHASE_STRIP = NO;
				DEBUG_INFORMATION_FORMAT = dwarf;
				ENABLE_STRICT_OBJC_MSGSEND = YES;
				ENABLE_TESTABILITY = YES;
				GCC_C_LANGUAGE_STANDARD = gnu11;
				GCC_DYNAMIC_NO_PIC = NO;
				GCC_NO_COMMON_BLOCKS = YES;
				GCC_OPTIMIZATION_LEVEL = 0;
				GCC_PREPROCESSOR_DEFINITIONS = (
					"DEBUG=1",
					"$(inherited)",
				);
				GCC_WARN_64_TO_32_BIT_CONVERSION = YES;
				GCC_WARN_ABOUT_RETURN_TYPE = YES_ERROR;
				GCC_WARN_UNDECLARED_SELECTOR = YES;
				GCC_WARN_UNINITIALIZED_AUTOS = YES_AGGRESSIVE;
				GCC_WARN_UNUSED_FUNCTION = YES;
				GCC_WARN_UNUSED_VARIABLE = YES;
				IPHONEOS_DEPLOYMENT_TARGET = 14.4;
				MTL_ENABLE_DEBUG_INFO = INCLUDE_SOURCE;
				MTL_FAST_MATH = YES;
				ONLY_ACTIVE_ARCH = YES;
				SDKROOT = iphoneos;
				SWIFT_ACTIVE_COMPILATION_CONDITIONS = DEBUG;
				SWIFT_OPTIMIZATION_LEVEL = "-Onone";
			};
			name = Debug;
		};
		D1D0F9D225E6DB9B0006C9BD /* Release */ = {
			isa = XCBuildConfiguration;
			buildSettings = {
				ALWAYS_SEARCH_USER_PATHS = NO;
				CLANG_ANALYZER_NONNULL = YES;
				CLANG_ANALYZER_NUMBER_OBJECT_CONVERSION = YES_AGGRESSIVE;
				CLANG_CXX_LANGUAGE_STANDARD = "gnu++14";
				CLANG_CXX_LIBRARY = "libc++";
				CLANG_ENABLE_MODULES = YES;
				CLANG_ENABLE_OBJC_ARC = YES;
				CLANG_ENABLE_OBJC_WEAK = YES;
				CLANG_WARN_BLOCK_CAPTURE_AUTORELEASING = YES;
				CLANG_WARN_BOOL_CONVERSION = YES;
				CLANG_WARN_COMMA = YES;
				CLANG_WARN_CONSTANT_CONVERSION = YES;
				CLANG_WARN_DEPRECATED_OBJC_IMPLEMENTATIONS = YES;
				CLANG_WARN_DIRECT_OBJC_ISA_USAGE = YES_ERROR;
				CLANG_WARN_DOCUMENTATION_COMMENTS = YES;
				CLANG_WARN_EMPTY_BODY = YES;
				CLANG_WARN_ENUM_CONVERSION = YES;
				CLANG_WARN_INFINITE_RECURSION = YES;
				CLANG_WARN_INT_CONVERSION = YES;
				CLANG_WARN_NON_LITERAL_NULL_CONVERSION = YES;
				CLANG_WARN_OBJC_IMPLICIT_RETAIN_SELF = YES;
				CLANG_WARN_OBJC_LITERAL_CONVERSION = YES;
				CLANG_WARN_OBJC_ROOT_CLASS = YES_ERROR;
				CLANG_WARN_QUOTED_INCLUDE_IN_FRAMEWORK_HEADER = YES;
				CLANG_WARN_RANGE_LOOP_ANALYSIS = YES;
				CLANG_WARN_STRICT_PROTOTYPES = YES;
				CLANG_WARN_SUSPICIOUS_MOVE = YES;
				CLANG_WARN_UNGUARDED_AVAILABILITY = YES_AGGRESSIVE;
				CLANG_WARN_UNREACHABLE_CODE = YES;
				CLANG_WARN__DUPLICATE_METHOD_MATCH = YES;
				COPY_PHASE_STRIP = NO;
				DEBUG_INFORMATION_FORMAT = "dwarf-with-dsym";
				ENABLE_NS_ASSERTIONS = NO;
				ENABLE_STRICT_OBJC_MSGSEND = YES;
				GCC_C_LANGUAGE_STANDARD = gnu11;
				GCC_NO_COMMON_BLOCKS = YES;
				GCC_WARN_64_TO_32_BIT_CONVERSION = YES;
				GCC_WARN_ABOUT_RETURN_TYPE = YES_ERROR;
				GCC_WARN_UNDECLARED_SELECTOR = YES;
				GCC_WARN_UNINITIALIZED_AUTOS = YES_AGGRESSIVE;
				GCC_WARN_UNUSED_FUNCTION = YES;
				GCC_WARN_UNUSED_VARIABLE = YES;
				IPHONEOS_DEPLOYMENT_TARGET = 14.4;
				MTL_ENABLE_DEBUG_INFO = NO;
				MTL_FAST_MATH = YES;
				SDKROOT = iphoneos;
				SWIFT_COMPILATION_MODE = wholemodule;
				SWIFT_OPTIMIZATION_LEVEL = "-O";
				VALIDATE_PRODUCT = YES;
			};
			name = Release;
		};
		D1D0F9D425E6DB9B0006C9BD /* Debug */ = {
			isa = XCBuildConfiguration;
			buildSettings = {
				ASSETCATALOG_COMPILER_APPICON_NAME = AppIcon;
				ASSETCATALOG_COMPILER_GLOBAL_ACCENT_COLOR_NAME = AccentColor;
				CODE_SIGN_STYLE = Automatic;
				DEVELOPMENT_ASSET_PATHS = "\"CaptureExperiments/Preview Content\"";
				DEVELOPMENT_TEAM = 9P236RE82X;
				ENABLE_PREVIEWS = YES;
				INFOPLIST_FILE = CaptureExperiments/Info.plist;
				LD_RUNPATH_SEARCH_PATHS = (
					"$(inherited)",
					"@executable_path/Frameworks",
				);
				PRODUCT_BUNDLE_IDENTIFIER = com.rpenates.CaptureExperiments;
				PRODUCT_NAME = "$(TARGET_NAME)";
				SWIFT_VERSION = 5.0;
				TARGETED_DEVICE_FAMILY = "1,2";
			};
			name = Debug;
		};
		D1D0F9D525E6DB9B0006C9BD /* Release */ = {
			isa = XCBuildConfiguration;
			buildSettings = {
				ASSETCATALOG_COMPILER_APPICON_NAME = AppIcon;
				ASSETCATALOG_COMPILER_GLOBAL_ACCENT_COLOR_NAME = AccentColor;
				CODE_SIGN_STYLE = Automatic;
				DEVELOPMENT_ASSET_PATHS = "\"CaptureExperiments/Preview Content\"";
				DEVELOPMENT_TEAM = 9P236RE82X;
				ENABLE_PREVIEWS = YES;
				INFOPLIST_FILE = CaptureExperiments/Info.plist;
				LD_RUNPATH_SEARCH_PATHS = (
					"$(inherited)",
					"@executable_path/Frameworks",
				);
				PRODUCT_BUNDLE_IDENTIFIER = com.rpenates.CaptureExperiments;
				PRODUCT_NAME = "$(TARGET_NAME)";
				SWIFT_VERSION = 5.0;
				TARGETED_DEVICE_FAMILY = "1,2";
			};
			name = Release;
		};
/* End XCBuildConfiguration section */

/* Begin XCConfigurationList section */
		D1D0F9BA25E6DB960006C9BD /* Build configuration list for PBXProject "CaptureExperiments" */ = {
			isa = XCConfigurationList;
			buildConfigurations = (
				D1D0F9D125E6DB9B0006C9BD /* Debug */,
				D1D0F9D225E6DB9B0006C9BD /* Release */,
			);
			defaultConfigurationIsVisible = 0;
			defaultConfigurationName = Release;
		};
		D1D0F9D325E6DB9B0006C9BD /* Build configuration list for PBXNativeTarget "CaptureExperiments" */ = {
			isa = XCConfigurationList;
			buildConfigurations = (
				D1D0F9D425E6DB9B0006C9BD /* Debug */,
				D1D0F9D525E6DB9B0006C9BD /* Release */,
			);
			defaultConfigurationIsVisible = 0;
			defaultConfigurationName = Release;
		};
/* End XCConfigurationList section */

/* Begin XCRemoteSwiftPackageReference section */
		D1D0F9F225E6E8A50006C9BD /* XCRemoteSwiftPackageReference "Kingfisher" */ = {
			isa = XCRemoteSwiftPackageReference;
			repositoryURL = "https://github.com/onevcat/Kingfisher.git";
			requirement = {
				kind = upToNextMajorVersion;
				minimumVersion = 6.1.1;
			};
		};
		D1D0F9F625E6E8E80006C9BD /* XCRemoteSwiftPackageReference "Alamofire" */ = {
			isa = XCRemoteSwiftPackageReference;
			repositoryURL = "https://github.com/Alamofire/Alamofire.git";
			requirement = {
				kind = upToNextMajorVersion;
				minimumVersion = 5.4.1;
			};
		};
/* End XCRemoteSwiftPackageReference section */

/* Begin XCSwiftPackageProductDependency section */
		D1D0F9F325E6E8A50006C9BD /* Kingfisher */ = {
			isa = XCSwiftPackageProductDependency;
			package = D1D0F9F225E6E8A50006C9BD /* XCRemoteSwiftPackageReference "Kingfisher" */;
			productName = Kingfisher;
		};
		D1D0F9F725E6E8E80006C9BD /* Alamofire */ = {
			isa = XCSwiftPackageProductDependency;
			package = D1D0F9F625E6E8E80006C9BD /* XCRemoteSwiftPackageReference "Alamofire" */;
			productName = Alamofire;
		};
/* End XCSwiftPackageProductDependency section */
	};
	rootObject = D1D0F9B725E6DB960006C9BD /* Project object */;
}
